
Microsoft Visual Studio Solution File, Format Version 12.00
# Visual Studio Version 16
VisualStudioVersion = 16.0.31424.327
MinimumVisualStudioVersion = 10.0.40219.1
Project("{8BC9CEB8-8B4A-11D0-8D11-00A0C91BC942}") = "黑马程序 — 书写 hello  word", "黑马程序 — 书写 hello  word\黑马程序 — 书写 hello  word.vcxproj", "{10786FCE-E1BA-4C46-9DA8-821F6A7D0165}"
EndProject
Global
	GlobalSection(SolutionConfigurationPlatforms) = preSolution
		Debug|x64 = Debug|x64
		Debug|x86 = Debug|x86
		Release|x64 = Release|x64
		Release|x86 = Release|x86
	EndGlobalSection
	GlobalSection(ProjectConfigurationPlatforms) = postSolution
		{10786FCE-E1BA-4C46-9DA8-821F6A7D0165}.Debug|x64.ActiveCfg = Debug|x64
		{10786FCE-E1BA-4C46-9DA8-821F6A7D0165}.Debug|x64.Build.0 = Debug|x64
		{10786FCE-E1BA-4C46-9DA8-821F6A7D0165}.Debug|x86.ActiveCfg = Debug|Win32
		{10786FCE-E1BA-4C46-9DA8-821F6A7D0165}.Debug|x86.Build.0 = Debug|Win32
		{10786FCE-E1BA-4C46-9DA8-821F6A7D0165}.Release|x64.ActiveCfg = Release|x64
		{10786FCE-E1BA-4C46-9DA8-821F6A7D0165}.Release|x64.Build.0 = Release|x64
		{10786FCE-E1BA-4C46-9DA8-821F6A7D0165}.Release|x86.ActiveCfg = Release|Win32
		{10786FCE-E1BA-4C46-9DA8-821F6A7D0165}.Release|x86.Build.0 = Release|Win32
	EndGlobalSection
	GlobalSection(SolutionProperties) = preSolution
		HideSolutionNode = FALSE
	EndGlobalSection
	GlobalSection(ExtensibilityGlobals) = postSolution
		SolutionGuid = {66C387AF-BC71-4CE1-83C3-9CC9865E436F}
	EndGlobalSection
EndGlobal
